
Microsoft Visual Studio Solution File, Format Version 12.00
# Visual Studio Version 17
VisualStudioVersion = 17.5.33424.131
MinimumVisualStudioVersion = 10.0.40219.1
Project("{FAE04EC0-301F-11D3-BF4B-00C04F79EFBC}") = "QLKS", "QLKS.csproj", "{72FD9635-E56D-47A0-966D-121EE1F2F527}"
EndProject
Project("{54435603-DBB4-11D2-8724-00A0C9A8B90C}") = "QLKS_SETUP", "..\QLKS_SETUP\QLKS_SETUP.vdproj", "{B17CC38A-672D-4DD6-AFD4-7CA401829BE4}"
EndProject
Global
	GlobalSection(SolutionConfigurationPlatforms) = preSolution
		Debug|Any CPU = Debug|Any CPU
		Release|Any CPU = Release|Any CPU
	EndGlobalSection
	GlobalSection(ProjectConfigurationPlatforms) = postSolution
		{72FD9635-E56D-47A0-966D-121EE1F2F527}.Debug|Any CPU.ActiveCfg = Debug|Any CPU
		{72FD9635-E56D-47A0-966D-121EE1F2F527}.Debug|Any CPU.Build.0 = Debug|Any CPU
		{72FD9635-E56D-47A0-966D-121EE1F2F527}.Release|Any CPU.ActiveCfg = Release|Any CPU
		{72FD9635-E56D-47A0-966D-121EE1F2F527}.Release|Any CPU.Build.0 = Release|Any CPU
		{B17CC38A-672D-4DD6-AFD4-7CA401829BE4}.Debug|Any CPU.ActiveCfg = Debug
		{B17CC38A-672D-4DD6-AFD4-7CA401829BE4}.Release|Any CPU.ActiveCfg = Release
	EndGlobalSection
	GlobalSection(SolutionProperties) = preSolution
		HideSolutionNode = FALSE
	EndGlobalSection
	GlobalSection(ExtensibilityGlobals) = postSolution
		SolutionGuid = {DD2D4E0E-EA03-46E4-BEB4-BC99E70A88DC}
	EndGlobalSection
EndGlobal
